
Microsoft Visual Studio Solution File, Format Version 12.00
# Visual Studio Version 16
VisualStudioVersion = 16.0.29215.179
MinimumVisualStudioVersion = 10.0.40219.1
Project("{FAE04EC0-301F-11D3-BF4B-00C04F79EFBC}") = "WpfTraining", "WpfTraining\WpfTraining.csproj", "{AA546B7D-2F28-4B3A-AC70-F0FC5E614066}"
EndProject
Global
	GlobalSection(SolutionConfigurationPlatforms) = preSolution
		Debug|Any CPU = Debug|Any CPU
		Release|Any CPU = Release|Any CPU
	EndGlobalSection
	GlobalSection(ProjectConfigurationPlatforms) = postSolution
		{AA546B7D-2F28-4B3A-AC70-F0FC5E614066}.Debug|Any CPU.ActiveCfg = Debug|Any CPU
		{AA546B7D-2F28-4B3A-AC70-F0FC5E614066}.Debug|Any CPU.Build.0 = Debug|Any CPU
		{AA546B7D-2F28-4B3A-AC70-F0FC5E614066}.Release|Any CPU.ActiveCfg = Release|Any CPU
		{AA546B7D-2F28-4B3A-AC70-F0FC5E614066}.Release|Any CPU.Build.0 = Release|Any CPU
	EndGlobalSection
	GlobalSection(SolutionProperties) = preSolution
		HideSolutionNode = FALSE
	EndGlobalSection
	GlobalSection(ExtensibilityGlobals) = postSolution
		SolutionGuid = {87257316-0F58-4AD6-B629-F33E8497C32E}
	EndGlobalSection
EndGlobal
